
Microsoft Visual Studio Solution File, Format Version 12.00
# Visual Studio Version 16
VisualStudioVersion = 16.0.31515.178
MinimumVisualStudioVersion = 10.0.40219.1
Project("{00D1A9C2-B5F0-4AF3-8072-F6C62B433612}") = "SBL", "SBL.sqlproj", "{40095623-A5AE-4621-A687-B5A3BF77FA87}"
EndProject
Global
	GlobalSection(SolutionConfigurationPlatforms) = preSolution
		Debug|Any CPU = Debug|Any CPU
		Release|Any CPU = Release|Any CPU
	EndGlobalSection
	GlobalSection(ProjectConfigurationPlatforms) = postSolution
		{40095623-A5AE-4621-A687-B5A3BF77FA87}.Debug|Any CPU.ActiveCfg = Debug|Any CPU
		{40095623-A5AE-4621-A687-B5A3BF77FA87}.Debug|Any CPU.Build.0 = Debug|Any CPU
		{40095623-A5AE-4621-A687-B5A3BF77FA87}.Debug|Any CPU.Deploy.0 = Debug|Any CPU
		{40095623-A5AE-4621-A687-B5A3BF77FA87}.Release|Any CPU.ActiveCfg = Release|Any CPU
		{40095623-A5AE-4621-A687-B5A3BF77FA87}.Release|Any CPU.Build.0 = Release|Any CPU
		{40095623-A5AE-4621-A687-B5A3BF77FA87}.Release|Any CPU.Deploy.0 = Release|Any CPU
	EndGlobalSection
	GlobalSection(SolutionProperties) = preSolution
		HideSolutionNode = FALSE
	EndGlobalSection
	GlobalSection(ExtensibilityGlobals) = postSolution
		SolutionGuid = {80F656ED-C5CD-4DB2-A2C9-DC2D95167736}
	EndGlobalSection
EndGlobal
